
Microsoft Visual Studio Solution File, Format Version 12.00
# Visual Studio Version 16
VisualStudioVersion = 16.0.29613.14
MinimumVisualStudioVersion = 10.0.40219.1
Project("{FAE04EC0-301F-11D3-BF4B-00C04F79EFBC}") = "StudentManageSystem", "StudentManageSystem\StudentManageSystem.csproj", "{A388DDCB-2B7F-4D9B-9236-857ADAC29F19}"
EndProject
Project("{2150E333-8FDC-42A3-9474-1A3956D46DE8}") = "Model", "Model", "{667BC32E-9DEF-483E-861E-DA065859720E}"
EndProject
Project("{FAE04EC0-301F-11D3-BF4B-00C04F79EFBC}") = "Student.Model", "Student.Model\Student.Model.csproj", "{6641C6EB-7930-4F57-88DD-93F5AF5C0557}"
EndProject
Project("{2150E333-8FDC-42A3-9474-1A3956D46DE8}") = "Services", "Services", "{DB357470-BCC6-46D9-998E-85E0E415FFE1}"
EndProject
Project("{FAE04EC0-301F-11D3-BF4B-00C04F79EFBC}") = "Student.Services", "Student.Services\Student.Services.csproj", "{D37FA64F-EE21-45CF-A935-DABA93E9EC26}"
EndProject
Project("{FAE04EC0-301F-11D3-BF4B-00C04F79EFBC}") = "Student.IServices", "Student.IServices\Student.IServices.csproj", "{74E4238C-0414-40A2-95CF-EF943285734B}"
EndProject
Project("{2150E333-8FDC-42A3-9474-1A3956D46DE8}") = "Common", "Common", "{002D7C88-88F9-48A3-9F1A-2813A3BB9D86}"
EndProject
Project("{FAE04EC0-301F-11D3-BF4B-00C04F79EFBC}") = "Student.Core.API", "Student.Core.API\Student.Core.API.csproj", "{AC044071-C0C4-4071-AE01-1AD47D9F6783}"
EndProject
Project("{FAE04EC0-301F-11D3-BF4B-00C04F79EFBC}") = "yrjw.ORM.Chimp", "yrjw.ORM.Chimp\yrjw.ORM.Chimp.csproj", "{3ECDBAAE-CD45-4611-976A-882C2C2747E1}"
EndProject
Project("{9A19103F-16F7-4668-BE54-9A1E7A4F7556}") = "yrjw.CommonToolsCore", "yrjw.CommonToolsCore\yrjw.CommonToolsCore.csproj", "{E1D13576-1367-4EF9-947B-23EAA4BDF73F}"
EndProject
Global
	GlobalSection(SolutionConfigurationPlatforms) = preSolution
		Debug|Any CPU = Debug|Any CPU
		Release|Any CPU = Release|Any CPU
	EndGlobalSection
	GlobalSection(ProjectConfigurationPlatforms) = postSolution
		{A388DDCB-2B7F-4D9B-9236-857ADAC29F19}.Debug|Any CPU.ActiveCfg = Debug|Any CPU
		{A388DDCB-2B7F-4D9B-9236-857ADAC29F19}.Debug|Any CPU.Build.0 = Debug|Any CPU
		{A388DDCB-2B7F-4D9B-9236-857ADAC29F19}.Release|Any CPU.ActiveCfg = Release|Any CPU
		{A388DDCB-2B7F-4D9B-9236-857ADAC29F19}.Release|Any CPU.Build.0 = Release|Any CPU
		{6641C6EB-7930-4F57-88DD-93F5AF5C0557}.Debug|Any CPU.ActiveCfg = Debug|Any CPU
		{6641C6EB-7930-4F57-88DD-93F5AF5C0557}.Debug|Any CPU.Build.0 = Debug|Any CPU
		{6641C6EB-7930-4F57-88DD-93F5AF5C0557}.Release|Any CPU.ActiveCfg = Release|Any CPU
		{6641C6EB-7930-4F57-88DD-93F5AF5C0557}.Release|Any CPU.Build.0 = Release|Any CPU
		{D37FA64F-EE21-45CF-A935-DABA93E9EC26}.Debug|Any CPU.ActiveCfg = Debug|Any CPU
		{D37FA64F-EE21-45CF-A935-DABA93E9EC26}.Debug|Any CPU.Build.0 = Debug|Any CPU
		{D37FA64F-EE21-45CF-A935-DABA93E9EC26}.Release|Any CPU.ActiveCfg = Release|Any CPU
		{D37FA64F-EE21-45CF-A935-DABA93E9EC26}.Release|Any CPU.Build.0 = Release|Any CPU
		{74E4238C-0414-40A2-95CF-EF943285734B}.Debug|Any CPU.ActiveCfg = Debug|Any CPU
		{74E4238C-0414-40A2-95CF-EF943285734B}.Debug|Any CPU.Build.0 = Debug|Any CPU
		{74E4238C-0414-40A2-95CF-EF943285734B}.Release|Any CPU.ActiveCfg = Release|Any CPU
		{74E4238C-0414-40A2-95CF-EF943285734B}.Release|Any CPU.Build.0 = Release|Any CPU
		{AC044071-C0C4-4071-AE01-1AD47D9F6783}.Debug|Any CPU.ActiveCfg = Debug|Any CPU
		{AC044071-C0C4-4071-AE01-1AD47D9F6783}.Debug|Any CPU.Build.0 = Debug|Any CPU
		{AC044071-C0C4-4071-AE01-1AD47D9F6783}.Release|Any CPU.ActiveCfg = Release|Any CPU
		{AC044071-C0C4-4071-AE01-1AD47D9F6783}.Release|Any CPU.Build.0 = Release|Any CPU
		{3ECDBAAE-CD45-4611-976A-882C2C2747E1}.Debug|Any CPU.ActiveCfg = Debug|Any CPU
		{3ECDBAAE-CD45-4611-976A-882C2C2747E1}.Debug|Any CPU.Build.0 = Debug|Any CPU
		{3ECDBAAE-CD45-4611-976A-882C2C2747E1}.Release|Any CPU.ActiveCfg = Release|Any CPU
		{3ECDBAAE-CD45-4611-976A-882C2C2747E1}.Release|Any CPU.Build.0 = Release|Any CPU
		{E1D13576-1367-4EF9-947B-23EAA4BDF73F}.Debug|Any CPU.ActiveCfg = Debug|Any CPU
		{E1D13576-1367-4EF9-947B-23EAA4BDF73F}.Debug|Any CPU.Build.0 = Debug|Any CPU
		{E1D13576-1367-4EF9-947B-23EAA4BDF73F}.Release|Any CPU.ActiveCfg = Release|Any CPU
		{E1D13576-1367-4EF9-947B-23EAA4BDF73F}.Release|Any CPU.Build.0 = Release|Any CPU
	EndGlobalSection
	GlobalSection(SolutionProperties) = preSolution
		HideSolutionNode = FALSE
	EndGlobalSection
	GlobalSection(NestedProjects) = preSolution
		{6641C6EB-7930-4F57-88DD-93F5AF5C0557} = {667BC32E-9DEF-483E-861E-DA065859720E}
		{D37FA64F-EE21-45CF-A935-DABA93E9EC26} = {DB357470-BCC6-46D9-998E-85E0E415FFE1}
		{74E4238C-0414-40A2-95CF-EF943285734B} = {DB357470-BCC6-46D9-998E-85E0E415FFE1}
		{3ECDBAAE-CD45-4611-976A-882C2C2747E1} = {002D7C88-88F9-48A3-9F1A-2813A3BB9D86}
		{E1D13576-1367-4EF9-947B-23EAA4BDF73F} = {002D7C88-88F9-48A3-9F1A-2813A3BB9D86}
	EndGlobalSection
	GlobalSection(ExtensibilityGlobals) = postSolution
		SolutionGuid = {1F54F49D-338D-488D-BD26-20DCC4102601}
	EndGlobalSection
EndGlobal
